<?xml version="1.0" encoding="utf-8"?>
<Project ToolsVersion="4.0" xmlns="http://schemas.microsoft.com/developer/msbuild/2003">
  <ItemGroup>
    <Filter Include="Source Files">
      <UniqueIdentifier>{4FC737F1-C7A5-4376-A066-2A32D752A2FF}</UniqueIdentifier>
      <Extensions>cpp;c;cc;cxx;c++;cppm;ixx;def;odl;idl;hpj;bat;asm;asmx</Extensions>
    </Filter>
    <Filter Include="Header Files">
      <UniqueIdentifier>{93995380-89BD-4b04-88EB-625FBE52EBFB}</UniqueIdentifier>
      <Extensions>h;hh;hpp;hxx;h++;hm;inl;inc;ipp;xsd</Extensions>
    </Filter>
    <Filter Include="Resource Files">
      <UniqueIdentifier>{67DA6AB6-F800-4c08-8B7A-83BB121AAD01}</UniqueIdentifier>
      <Extensions>rc;ico;cur;bmp;dlg;rc2;rct;bin;rgs;gif;jpg;jpeg;jpe;resx;tiff;tif;png;wav;mfcribbon-ms</Extensions>
    </Filter>
    <Filter Include="Source Files\ShaderCompiler">
      <UniqueIdentifier>{dfcb8809-dbfd-49d6-8435-c1ee98e7e52f}</UniqueIdentifier>
    </Filter>
    <Filter Include="Source Files\shaders">
      <UniqueIdentifier>{c44d1456-c0b6-4e32-b654-8317466fe9c6}</UniqueIdentifier>
    </Filter>
    <Filter Include="Source Files\ThirdParty">
      <UniqueIdentifier>{caf14a51-6fb2-4568-89c1-959da7340a79}</UniqueIdentifier>
    </Filter>
  </ItemGroup>
  <ItemGroup>
    <ClCompile Include="Test.cpp">
      <Filter>Source Files</Filter>
    </ClCompile>
    <ClCompile Include="shader.cpp">
      <Filter>Source Files\ShaderCompiler</Filter>
    </ClCompile>
    <ClCompile Include="glad.c">
      <Filter>Source Files\ThirdParty</Filter>
    </ClCompile>
    <ClCompile Include="stb_image.cpp">
      <Filter>Source Files\ThirdParty</Filter>
    </ClCompile>
  </ItemGroup>
  <ItemGroup>
    <ClInclude Include="shader.h">
      <Filter>Source Files\ShaderCompiler</Filter>
    </ClInclude>
    <ClInclude Include="stb_image.h">
      <Filter>Source Files\ThirdParty</Filter>
    </ClInclude>
  </ItemGroup>
  <ItemGroup>
    <None Include="demoVShader.vs">
      <Filter>Source Files\shaders</Filter>
    </None>
    <None Include="demoFShader.fs">
      <Filter>Source Files\shaders</Filter>
    </None>
    <None Include="textureVShader.vs">
      <Filter>Source Files\shaders</Filter>
    </None>
    <None Include="textureFShader.fs">
      <Filter>Source Files\shaders</Filter>
    </None>
  </ItemGroup>
</Project>